// !$*UTF8*$!
{
	archiveVersion = 1;
	classes = {
	};
	objectVersion = 46;
	objects = {

/* Begin PBXBuildFile section */
		8EE636611AE0EEE1002C51FF /* main.m in Sources */ = {isa = PBXBuildFile; fileRef = 8EE636601AE0EEE1002C51FF /* main.m */; };
		8EE636641AE0EEE1002C51FF /* AppDelegate.m in Sources */ = {isa = PBXBuildFile; fileRef = 8EE636631AE0EEE1002C51FF /* AppDelegate.m */; };
		8EE636671AE0EEE1002C51FF /* ViewController.m in Sources */ = {isa = PBXBuildFile; fileRef = 8EE636661AE0EEE1002C51FF /* ViewController.m */; };
		8EE6366A1AE0EEE1002C51FF /* Main.storyboard in Resources */ = {isa = PBXBuildFile; fileRef = 8EE636681AE0EEE1002C51FF /* Main.storyboard */; };
		8EE6366C1AE0EEE1002C51FF /* Images.xcassets in Resources */ = {isa = PBXBuildFile; fileRef = 8EE6366B1AE0EEE1002C51FF /* Images.xcassets */; };
		8EE6366F1AE0EEE1002C51FF /* LaunchScreen.xib in Resources */ = {isa = PBXBuildFile; fileRef = 8EE6366D1AE0EEE1002C51FF /* LaunchScreen.xib */; };
		8EE6367B1AE0EEE1002C51FF /* QRCodeTests.m in Sources */ = {isa = PBXBuildFile; fileRef = 8EE6367A1AE0EEE1002C51FF /* QRCodeTests.m */; };
		8EE636861AE0F1C1002C51FF /* UIView+MGLConstaint.m in Sources */ = {isa = PBXBuildFile; fileRef = 8EE636851AE0F1C1002C51FF /* UIView+MGLConstaint.m */; };
/* End PBXBuildFile section */

/* Begin PBXContainerItemProxy section */
		8EE636751AE0EEE1002C51FF /* PBXContainerItemProxy */ = {
			isa = PBXContainerItemProxy;
			containerPortal = 8EE636531AE0EEE1002C51FF /* Project object */;
			proxyType = 1;
			remoteGlobalIDString = 8EE6365A1AE0EEE1002C51FF;
			remoteInfo = QRCode;
		};
/* End PBXContainerItemProxy section */

/* Begin PBXFileReference section */
		8EE6365B1AE0EEE1002C51FF /* QRCode.app */ = {isa = PBXFileReference; explicitFileType = wrapper.application; includeInIndex = 0; path = QRCode.app; sourceTree = BUILT_PRODUCTS_DIR; };
		8EE6365F1AE0EEE1002C51FF /* Info.plist */ = {isa = PBXFileReference; lastKnownFileType = text.plist.xml; path = Info.plist; sourceTree = "<group>"; };
		8EE636601AE0EEE1002C51FF /* main.m */ = {isa = PBXFileReference; lastKnownFileType = sourcecode.c.objc; path = main.m; sourceTree = "<group>"; };
		8EE636621AE0EEE1002C51FF /* AppDelegate.h */ = {isa = PBXFileReference; lastKnownFileType = sourcecode.c.h; path = AppDelegate.h; sourceTree = "<group>"; };
		8EE636631AE0EEE1002C51FF /* AppDelegate.m */ = {isa = PBXFileReference; lastKnownFileType = sourcecode.c.objc; path = AppDelegate.m; sourceTree = "<group>"; };
		8EE636651AE0EEE1002C51FF /* ViewController.h */ = {isa = PBXFileReference; lastKnownFileType = sourcecode.c.h; path = ViewController.h; sourceTree = "<group>"; };
		8EE636661AE0EEE1002C51FF /* ViewController.m */ = {isa = PBXFileReference; lastKnownFileType = sourcecode.c.objc; path = ViewController.m; sourceTree = "<group>"; };
		8EE636691AE0EEE1002C51FF /* Base */ = {isa = PBXFileReference; lastKnownFileType = file.storyboard; name = Base; path = Base.lproj/Main.storyboard; sourceTree = "<group>"; };
		8EE6366B1AE0EEE1002C51FF /* Images.xcassets */ = {isa = PBXFileReference; lastKnownFileType = folder.assetcatalog; path = Images.xcassets; sourceTree = "<group>"; };
		8EE6366E1AE0EEE1002C51FF /* Base */ = {isa = PBXFileReference; lastKnownFileType = file.xib; name = Base; path = Base.lproj/LaunchScreen.xib; sourceTree = "<group>"; };
		8EE636741AE0EEE1002C51FF /* QRCodeTests.xctest */ = {isa = PBXFileReference; explicitFileType = wrapper.cfbundle; includeInIndex = 0; path = QRCodeTests.xctest; sourceTree = BUILT_PRODUCTS_DIR; };
		8EE636791AE0EEE1002C51FF /* Info.plist */ = {isa = PBXFileReference; lastKnownFileType = text.plist.xml; path = Info.plist; sourceTree = "<group>"; };
		8EE6367A1AE0EEE1002C51FF /* QRCodeTests.m */ = {isa = PBXFileReference; lastKnownFileType = sourcecode.c.objc; path = QRCodeTests.m; sourceTree = "<group>"; };
		8EE636841AE0F1C1002C51FF /* UIView+MGLConstaint.h */ = {isa = PBXFileReference; fileEncoding = 4; lastKnownFileType = sourcecode.c.h; path = "UIView+MGLConstaint.h"; sourceTree = "<group>"; };
		8EE636851AE0F1C1002C51FF /* UIView+MGLConstaint.m */ = {isa = PBXFileReference; fileEncoding = 4; lastKnownFileType = sourcecode.c.objc; path = "UIView+MGLConstaint.m"; sourceTree = "<group>"; };
/* End PBXFileReference section */

/* Begin PBXFrameworksBuildPhase section */
		8EE636581AE0EEE1002C51FF /* Frameworks */ = {
			isa = PBXFrameworksBuildPhase;
			buildActionMask = 2147483647;
			files = (
			);
			runOnlyForDeploymentPostprocessing = 0;
		};
		8EE636711AE0EEE1002C51FF /* Frameworks */ = {
			isa = PBXFrameworksBuildPhase;
			buildActionMask = 2147483647;
			files = (
			);
			runOnlyForDeploymentPostprocessing = 0;
		};
/* End PBXFrameworksBuildPhase section */

/* Begin PBXGroup section */
		8EE636521AE0EEE1002C51FF = {
			isa = PBXGroup;
			children = (
				8EE6365D1AE0EEE1002C51FF /* QRCode */,
				8EE636771AE0EEE1002C51FF /* QRCodeTests */,
				8EE6365C1AE0EEE1002C51FF /* Products */,
			);
			sourceTree = "<group>";
		};
		8EE6365C1AE0EEE1002C51FF /* Products */ = {
			isa = PBXGroup;
			children = (
				8EE6365B1AE0EEE1002C51FF /* QRCode.app */,
				8EE636741AE0EEE1002C51FF /* QRCodeTests.xctest */,
			);
			name = Products;
			sourceTree = "<group>";
		};
		8EE6365D1AE0EEE1002C51FF /* QRCode */ = {
			isa = PBXGroup;
			children = (
				8EE636621AE0EEE1002C51FF /* AppDelegate.h */,
				8EE636631AE0EEE1002C51FF /* AppDelegate.m */,
				8EE636651AE0EEE1002C51FF /* ViewController.h */,
				8EE636661AE0EEE1002C51FF /* ViewController.m */,
				8EE636681AE0EEE1002C51FF /* Main.storyboard */,
				8EE6366B1AE0EEE1002C51FF /* Images.xcassets */,
				8EE6366D1AE0EEE1002C51FF /* LaunchScreen.xib */,
				8EE636841AE0F1C1002C51FF /* UIView+MGLConstaint.h */,
				8EE636851AE0F1C1002C51FF /* UIView+MGLConstaint.m */,
				8EE6365E1AE0EEE1002C51FF /* Supporting Files */,
			);
			path = QRCode;
			sourceTree = "<group>";
		};
		8EE6365E1AE0EEE1002C51FF /* Supporting Files */ = {
			isa = PBXGroup;
			children = (
				8EE6365F1AE0EEE1002C51FF /* Info.plist */,
				8EE636601AE0EEE1002C51FF /* main.m */,
			);
			name = "Supporting Files";
			sourceTree = "<group>";
		};
		8EE636771AE0EEE1002C51FF /* QRCodeTests */ = {
			isa = PBXGroup;
			children = (
				8EE6367A1AE0EEE1002C51FF /* QRCodeTests.m */,
				8EE636781AE0EEE1002C51FF /* Supporting Files */,
			);
			path = QRCodeTests;
			sourceTree = "<group>";
		};
		8EE636781AE0EEE1002C51FF /* Supporting Files */ = {
			isa = PBXGroup;
			children = (
				8EE636791AE0EEE1002C51FF /* Info.plist */,
			);
			name = "Supporting Files";
			sourceTree = "<group>";
		};
/* End PBXGroup section */

/* Begin PBXNativeTarget section */
		8EE6365A1AE0EEE1002C51FF /* QRCode */ = {
			isa = PBXNativeTarget;
			buildConfigurationList = 8EE6367E1AE0EEE1002C51FF /* Build configuration list for PBXNativeTarget "QRCode" */;
			buildPhases = (
				8EE636571AE0EEE1002C51FF /* Sources */,
				8EE636581AE0EEE1002C51FF /* Frameworks */,
				8EE636591AE0EEE1002C51FF /* Resources */,
			);
			buildRules = (
			);
			dependencies = (
			);
			name = QRCode;
			productName = QRCode;
			productReference = 8EE6365B1AE0EEE1002C51FF /* QRCode.app */;
			productType = "com.apple.product-type.application";
		};
		8EE636731AE0EEE1002C51FF /* QRCodeTests */ = {
			isa = PBXNativeTarget;
			buildConfigurationList = 8EE636811AE0EEE1002C51FF /* Build configuration list for PBXNativeTarget "QRCodeTests" */;
			buildPhases = (
				8EE636701AE0EEE1002C51FF /* Sources */,
				8EE636711AE0EEE1002C51FF /* Frameworks */,
				8EE636721AE0EEE1002C51FF /* Resources */,
			);
			buildRules = (
			);
			dependencies = (
				8EE636761AE0EEE1002C51FF /* PBXTargetDependency */,
			);
			name = QRCodeTests;
			productName = QRCodeTests;
			productReference = 8EE636741AE0EEE1002C51FF /* QRCodeTests.xctest */;
			productType = "com.apple.product-type.bundle.unit-test";
		};
/* End PBXNativeTarget section */

/* Begin PBXProject section */
		8EE636531AE0EEE1002C51FF /* Project object */ = {
			isa = PBXProject;
			attributes = {
				LastUpgradeCheck = 0630;
				ORGANIZATIONNAME = miaogaoliang;
				TargetAttributes = {
					8EE6365A1AE0EEE1002C51FF = {
						CreatedOnToolsVersion = 6.3;
					};
					8EE636731AE0EEE1002C51FF = {
						CreatedOnToolsVersion = 6.3;
						TestTargetID = 8EE6365A1AE0EEE1002C51FF;
					};
				};
			};
			buildConfigurationList = 8EE636561AE0EEE1002C51FF /* Build configuration list for PBXProject "QRCode" */;
			compatibilityVersion = "Xcode 3.2";
			developmentRegion = English;
			hasScannedForEncodings = 0;
			knownRegions = (
				en,
				Base,
			);
			mainGroup = 8EE636521AE0EEE1002C51FF;
			productRefGroup = 8EE6365C1AE0EEE1002C51FF /* Products */;
			projectDirPath = "";
			projectRoot = "";
			targets = (
				8EE6365A1AE0EEE1002C51FF /* QRCode */,
				8EE636731AE0EEE1002C51FF /* QRCodeTests */,
			);
		};
/* End PBXProject section */

/* Begin PBXResourcesBuildPhase section */
		8EE636591AE0EEE1002C51FF /* Resources */ = {
			isa = PBXResourcesBuildPhase;
			buildActionMask = 2147483647;
			files = (
				8EE6366A1AE0EEE1002C51FF /* Main.storyboard in Resources */,
				8EE6366F1AE0EEE1002C51FF /* LaunchScreen.xib in Resources */,
				8EE6366C1AE0EEE1002C51FF /* Images.xcassets in Resources */,
			);
			runOnlyForDeploymentPostprocessing = 0;
		};
		8EE636721AE0EEE1002C51FF /* Resources */ = {
			isa = PBXResourcesBuildPhase;
			buildActionMask = 2147483647;
			files = (
			);
			runOnlyForDeploymentPostprocessing = 0;
		};
/* End PBXResourcesBuildPhase section */

/* Begin PBXSourcesBuildPhase section */
		8EE636571AE0EEE1002C51FF /* Sources */ = {
			isa = PBXSourcesBuildPhase;
			buildActionMask = 2147483647;
			files = (
				8EE636671AE0EEE1002C51FF /* ViewController.m in Sources */,
				8EE636641AE0EEE1002C51FF /* AppDelegate.m in Sources */,
				8EE636611AE0EEE1002C51FF /* main.m in Sources */,
				8EE636861AE0F1C1002C51FF /* UIView+MGLConstaint.m in Sources */,
			);
			runOnlyForDeploymentPostprocessing = 0;
		};
		8EE636701AE0EEE1002C51FF /* Sources */ = {
			isa = PBXSourcesBuildPhase;
			buildActionMask = 2147483647;
			files = (
				8EE6367B1AE0EEE1002C51FF /* QRCodeTests.m in Sources */,
			);
			runOnlyForDeploymentPostprocessing = 0;
		};
/* End PBXSourcesBuildPhase section */

/* Begin PBXTargetDependency section */
		8EE636761AE0EEE1002C51FF /* PBXTargetDependency */ = {
			isa = PBXTargetDependency;
			target = 8EE6365A1AE0EEE1002C51FF /* QRCode */;
			targetProxy = 8EE636751AE0EEE1002C51FF /* PBXContainerItemProxy */;
		};
/* End PBXTargetDependency section */

/* Begin PBXVariantGroup section */
		8EE636681AE0EEE1002C51FF /* Main.storyboard */ = {
			isa = PBXVariantGroup;
			children = (
				8EE636691AE0EEE1002C51FF /* Base */,
			);
			name = Main.storyboard;
			sourceTree = "<group>";
		};
		8EE6366D1AE0EEE1002C51FF /* LaunchScreen.xib */ = {
			isa = PBXVariantGroup;
			children = (
				8EE6366E1AE0EEE1002C51FF /* Base */,
			);
			name = LaunchScreen.xib;
			sourceTree = "<group>";
		};
/* End PBXVariantGroup section */

/* Begin XCBuildConfiguration section */
		8EE6367C1AE0EEE1002C51FF /* Debug */ = {
			isa = XCBuildConfiguration;
			buildSettings = {
				ALWAYS_SEARCH_USER_PATHS = NO;
				CLANG_CXX_LANGUAGE_STANDARD = "gnu++0x";
				CLANG_CXX_LIBRARY = "libc++";
				CLANG_ENABLE_MODULES = YES;
				CLANG_ENABLE_OBJC_ARC = YES;
				CLANG_WARN_BOOL_CONVERSION = YES;
				CLANG_WARN_CONSTANT_CONVERSION = YES;
				CLANG_WARN_DIRECT_OBJC_ISA_USAGE = YES_ERROR;
				CLANG_WARN_EMPTY_BODY = YES;
				CLANG_WARN_ENUM_CONVERSION = YES;
				CLANG_WARN_INT_CONVERSION = YES;
				CLANG_WARN_OBJC_ROOT_CLASS = YES_ERROR;
				CLANG_WARN_UNREACHABLE_CODE = YES;
				CLANG_WARN__DUPLICATE_METHOD_MATCH = YES;
				"CODE_SIGN_IDENTITY[sdk=iphoneos*]" = "iPhone Developer";
				COPY_PHASE_STRIP = NO;
				DEBUG_INFORMATION_FORMAT = "dwarf-with-dsym";
				ENABLE_STRICT_OBJC_MSGSEND = YES;
				GCC_C_LANGUAGE_STANDARD = gnu99;
				GCC_DYNAMIC_NO_PIC = NO;
				GCC_NO_COMMON_BLOCKS = YES;
				GCC_OPTIMIZATION_LEVEL = 0;
				GCC_PREPROCESSOR_DEFINITIONS = (
					"DEBUG=1",
					"$(inherited)",
				);
				GCC_SYMBOLS_PRIVATE_EXTERN = NO;
				GCC_WARN_64_TO_32_BIT_CONVERSION = YES;
				GCC_WARN_ABOUT_RETURN_TYPE = YES_ERROR;
				GCC_WARN_UNDECLARED_SELECTOR = YES;
				GCC_WARN_UNINITIALIZED_AUTOS = YES_AGGRESSIVE;
				GCC_WARN_UNUSED_FUNCTION = YES;
				GCC_WARN_UNUSED_VARIABLE = YES;
				IPHONEOS_DEPLOYMENT_TARGET = 8.3;
				MTL_ENABLE_DEBUG_INFO = YES;
				ONLY_ACTIVE_ARCH = YES;
				SDKROOT = iphoneos;
			};
			name = Debug;
		};
		8EE6367D1AE0EEE1002C51FF /* Release */ = {
			isa = XCBuildConfiguration;
			buildSettings = {
				ALWAYS_SEARCH_USER_PATHS = NO;
				CLANG_CXX_LANGUAGE_STANDARD = "gnu++0x";
				CLANG_CXX_LIBRARY = "libc++";
				CLANG_ENABLE_MODULES = YES;
				CLANG_ENABLE_OBJC_ARC = YES;
				CLANG_WARN_BOOL_CONVERSION = YES;
				CLANG_WARN_CONSTANT_CONVERSION = YES;
				CLANG_WARN_DIRECT_OBJC_ISA_USAGE = YES_ERROR;
				CLANG_WARN_EMPTY_BODY = YES;
				CLANG_WARN_ENUM_CONVERSION = YES;
				CLANG_WARN_INT_CONVERSION = YES;
				CLANG_WARN_OBJC_ROOT_CLASS = YES_ERROR;
				CLANG_WARN_UNREACHABLE_CODE = YES;
				CLANG_WARN__DUPLICATE_METHOD_MATCH = YES;
				"CODE_SIGN_IDENTITY[sdk=iphoneos*]" = "iPhone Developer";
				COPY_PHASE_STRIP = NO;
				DEBUG_INFORMATION_FORMAT = "dwarf-with-dsym";
				ENABLE_NS_ASSERTIONS = NO;
				ENABLE_STRICT_OBJC_MSGSEND = YES;
				GCC_C_LANGUAGE_STANDARD = gnu99;
				GCC_NO_COMMON_BLOCKS = YES;
				GCC_WARN_64_TO_32_BIT_CONVERSION = YES;
				GCC_WARN_ABOUT_RETURN_TYPE = YES_ERROR;
				GCC_WARN_UNDECLARED_SELECTOR = YES;
				GCC_WARN_UNINITIALIZED_AUTOS = YES_AGGRESSIVE;
				GCC_WARN_UNUSED_FUNCTION = YES;
				GCC_WARN_UNUSED_VARIABLE = YES;
				IPHONEOS_DEPLOYMENT_TARGET = 8.3;
				MTL_ENABLE_DEBUG_INFO = NO;
				SDKROOT = iphoneos;
				VALIDATE_PRODUCT = YES;
			};
			name = Release;
		};
		8EE6367F1AE0EEE1002C51FF /* Debug */ = {
			isa = XCBuildConfiguration;
			buildSettings = {
				ASSETCATALOG_COMPILER_APPICON_NAME = AppIcon;
				INFOPLIST_FILE = QRCode/Info.plist;
				IPHONEOS_DEPLOYMENT_TARGET = 7.0;
				LD_RUNPATH_SEARCH_PATHS = "$(inherited) @executable_path/Frameworks";
				PRODUCT_NAME = "$(TARGET_NAME)";
			};
			name = Debug;
		};
		8EE636801AE0EEE1002C51FF /* Release */ = {
			isa = XCBuildConfiguration;
			buildSettings = {
				ASSETCATALOG_COMPILER_APPICON_NAME = AppIcon;
				INFOPLIST_FILE = QRCode/Info.plist;
				IPHONEOS_DEPLOYMENT_TARGET = 7.0;
				LD_RUNPATH_SEARCH_PATHS = "$(inherited) @executable_path/Frameworks";
				PRODUCT_NAME = "$(TARGET_NAME)";
			};
			name = Release;
		};
		8EE636821AE0EEE1002C51FF /* Debug */ = {
			isa = XCBuildConfiguration;
			buildSettings = {
				BUNDLE_LOADER = "$(TEST_HOST)";
				FRAMEWORK_SEARCH_PATHS = (
					"$(SDKROOT)/Developer/Library/Frameworks",
					"$(inherited)",
				);
				GCC_PREPROCESSOR_DEFINITIONS = (
					"DEBUG=1",
					"$(inherited)",
				);
				INFOPLIST_FILE = QRCodeTests/Info.plist;
				LD_RUNPATH_SEARCH_PATHS = "$(inherited) @executable_path/Frameworks @loader_path/Frameworks";
				PRODUCT_NAME = "$(TARGET_NAME)";
				TEST_HOST = "$(BUILT_PRODUCTS_DIR)/QRCode.app/QRCode";
			};
			name = Debug;
		};
		8EE636831AE0EEE1002C51FF /* Release */ = {
			isa = XCBuildConfiguration;
			buildSettings = {
				BUNDLE_LOADER = "$(TEST_HOST)";
				FRAMEWORK_SEARCH_PATHS = (
					"$(SDKROOT)/Developer/Library/Frameworks",
					"$(inherited)",
				);
				INFOPLIST_FILE = QRCodeTests/Info.plist;
				LD_RUNPATH_SEARCH_PATHS = "$(inherited) @executable_path/Frameworks @loader_path/Frameworks";
				PRODUCT_NAME = "$(TARGET_NAME)";
				TEST_HOST = "$(BUILT_PRODUCTS_DIR)/QRCode.app/QRCode";
			};
			name = Release;
		};
/* End XCBuildConfiguration section */

/* Begin XCConfigurationList section */
		8EE636561AE0EEE1002C51FF /* Build configuration list for PBXProject "QRCode" */ = {
			isa = XCConfigurationList;
			buildConfigurations = (
				8EE6367C1AE0EEE1002C51FF /* Debug */,
				8EE6367D1AE0EEE1002C51FF /* Release */,
			);
			defaultConfigurationIsVisible = 0;
			defaultConfigurationName = Release;
		};
		8EE6367E1AE0EEE1002C51FF /* Build configuration list for PBXNativeTarget "QRCode" */ = {
			isa = XCConfigurationList;
			buildConfigurations = (
				8EE6367F1AE0EEE1002C51FF /* Debug */,
				8EE636801AE0EEE1002C51FF /* Release */,
			);
			defaultConfigurationIsVisible = 0;
		};
		8EE636811AE0EEE1002C51FF /* Build configuration list for PBXNativeTarget "QRCodeTests" */ = {
			isa = XCConfigurationList;
			buildConfigurations = (
				8EE636821AE0EEE1002C51FF /* Debug */,
				8EE636831AE0EEE1002C51FF /* Release */,
			);
			defaultConfigurationIsVisible = 0;
		};
/* End XCConfigurationList section */
	};
	rootObject = 8EE636531AE0EEE1002C51FF /* Project object */;
}
